
Microsoft Visual Studio Solution File, Format Version 12.00
# Visual Studio Version 16
VisualStudioVersion = 16.0.31424.327
MinimumVisualStudioVersion = 10.0.40219.1
Project("{FAE04EC0-301F-11D3-BF4B-00C04F79EFBC}") = "SumarioDePedidos", "SumarioDePedidos\SumarioDePedidos.csproj", "{725B72B7-B6BE-4F73-972B-BE935F047F68}"
EndProject
Global
	GlobalSection(SolutionConfigurationPlatforms) = preSolution
		Debug|Any CPU = Debug|Any CPU
		Release|Any CPU = Release|Any CPU
	EndGlobalSection
	GlobalSection(ProjectConfigurationPlatforms) = postSolution
		{725B72B7-B6BE-4F73-972B-BE935F047F68}.Debug|Any CPU.ActiveCfg = Debug|Any CPU
		{725B72B7-B6BE-4F73-972B-BE935F047F68}.Debug|Any CPU.Build.0 = Debug|Any CPU
		{725B72B7-B6BE-4F73-972B-BE935F047F68}.Release|Any CPU.ActiveCfg = Release|Any CPU
		{725B72B7-B6BE-4F73-972B-BE935F047F68}.Release|Any CPU.Build.0 = Release|Any CPU
	EndGlobalSection
	GlobalSection(SolutionProperties) = preSolution
		HideSolutionNode = FALSE
	EndGlobalSection
	GlobalSection(ExtensibilityGlobals) = postSolution
		SolutionGuid = {ABBB9793-B5FD-42CE-A7B9-28B6F1374D5B}
	EndGlobalSection
EndGlobal
